
Microsoft Visual Studio Solution File, Format Version 12.00
# Visual Studio Version 17
VisualStudioVersion = 17.0.31903.59
MinimumVisualStudioVersion = 10.0.40219.1
Project("{FAE04EC0-301F-11D3-BF4B-00C04F79EFBC}") = "Sorter", "Sorter\Sorter.csproj", "{035C061E-B1D8-49B9-8E6C-F866E357D4BE}"
EndProject
Project("{FAE04EC0-301F-11D3-BF4B-00C04F79EFBC}") = "Sorter.Core", "Sorter.Core\Sorter.Core.csproj", "{3E01962E-2082-4964-A99C-F31991385B51}"
EndProject
Project("{FAE04EC0-301F-11D3-BF4B-00C04F79EFBC}") = "Sorter.Core.Tests", "Sorter.Core.Tests\Sorter.Core.Tests.csproj", "{4E59C222-C97E-4E7F-B584-DBE6E6D35074}"
EndProject
Global
	GlobalSection(SolutionConfigurationPlatforms) = preSolution
		Debug|Any CPU = Debug|Any CPU
		Release|Any CPU = Release|Any CPU
	EndGlobalSection
	GlobalSection(ProjectConfigurationPlatforms) = postSolution
		{035C061E-B1D8-49B9-8E6C-F866E357D4BE}.Debug|Any CPU.ActiveCfg = Debug|Any CPU
		{035C061E-B1D8-49B9-8E6C-F866E357D4BE}.Debug|Any CPU.Build.0 = Debug|Any CPU
		{035C061E-B1D8-49B9-8E6C-F866E357D4BE}.Release|Any CPU.ActiveCfg = Release|Any CPU
		{035C061E-B1D8-49B9-8E6C-F866E357D4BE}.Release|Any CPU.Build.0 = Release|Any CPU
		{3E01962E-2082-4964-A99C-F31991385B51}.Debug|Any CPU.ActiveCfg = Debug|Any CPU
		{3E01962E-2082-4964-A99C-F31991385B51}.Debug|Any CPU.Build.0 = Debug|Any CPU
		{3E01962E-2082-4964-A99C-F31991385B51}.Release|Any CPU.ActiveCfg = Release|Any CPU
		{3E01962E-2082-4964-A99C-F31991385B51}.Release|Any CPU.Build.0 = Release|Any CPU
		{4E59C222-C97E-4E7F-B584-DBE6E6D35074}.Debug|Any CPU.ActiveCfg = Debug|Any CPU
		{4E59C222-C97E-4E7F-B584-DBE6E6D35074}.Debug|Any CPU.Build.0 = Debug|Any CPU
		{4E59C222-C97E-4E7F-B584-DBE6E6D35074}.Release|Any CPU.ActiveCfg = Release|Any CPU
		{4E59C222-C97E-4E7F-B584-DBE6E6D35074}.Release|Any CPU.Build.0 = Release|Any CPU
	EndGlobalSection
	GlobalSection(SolutionProperties) = preSolution
		HideSolutionNode = FALSE
	EndGlobalSection
	GlobalSection(ExtensibilityGlobals) = postSolution
		SolutionGuid = {7EAB39F1-DDC3-4CC7-AC1C-D57C62A43095}
	EndGlobalSection
EndGlobal
